PODS:
  - bugsee (0.0.1):
    - Bugsee
    - Flutter
  - Bugsee (1.18.0)
  - Flutter (1.0.0)

DEPENDENCIES:
  - bugsee (from `Pods/.symlinks/plugins/bugsee/ios`)
  - Flutter (from `Pods/.symlinks/flutter/ios`)

EXTERNAL SOURCES:
  bugsee:
    :path: Pods/.symlinks/plugins/bugsee/ios
  Flutter:
    :path: Pods/.symlinks/flutter/ios

SPEC CHECKSUMS:
  Bugsee: 7c768eff985dad75808e181ec4b3e18f552beec6
  bugsee: 48c987e5dea6638e9a1aeb5b6b32c1c01514b845
  Flutter: 58dd7d1b27887414a370fcccb9e645c08ffd7a6a

PODFILE CHECKSUM: 0420ab312a523ae0eecfb1fc19ea51dd82cc17c7

COCOAPODS: 1.3.1
